
Microsoft Visual Studio Solution File, Format Version 12.00
# Visual Studio Version 16
VisualStudioVersion = 16.0.31205.134
MinimumVisualStudioVersion = 10.0.40219.1
Project("{9A19103F-16F7-4668-BE54-9A1E7A4F7556}") = "SmartHealthCard.Token", "SmartHealthCard.Token\SmartHealthCard.Token.csproj", "{944C8903-096C-4B39-803D-5D2BEE96DB89}"
EndProject
Project("{9A19103F-16F7-4668-BE54-9A1E7A4F7556}") = "SmartHealthCard.QRCode", "SmartHealthCard.QRCode\SmartHealthCard.QRCode.csproj", "{DDDEC610-81F3-4445-95BD-C90A5A7F7561}"
EndProject
Project("{9A19103F-16F7-4668-BE54-9A1E7A4F7556}") = "SmartHealthCard.Test", "SmartHealthCard.Test\SmartHealthCard.Test.csproj", "{859CD40E-F27F-4550-A629-C48A3CE4F8DE}"
EndProject
Project("{2150E333-8FDC-42A3-9474-1A3956D46DE8}") = "Solution Items", "Solution Items", "{35043A8B-BD2F-4113-9DAF-59BE7E211F75}"
	ProjectSection(SolutionItems) = preProject
		.gitignore = .gitignore
		ReadMe.angus = ReadMe.angus
		README.md = README.md
		ReadmeNugetPublish.txt = ReadmeNugetPublish.txt
		ReadMeOpenSSLCreateECCkeys.txt = ReadMeOpenSSLCreateECCkeys.txt
	EndProjectSection
EndProject
Project("{9A19103F-16F7-4668-BE54-9A1E7A4F7556}") = "SmartHealthCard.EncoderDemo", "SmartHealthCard.EncoderDemo\SmartHealthCard.EncoderDemo.csproj", "{9207F04B-A1C8-47FE-8F7D-7D6C2780A159}"
EndProject
Project("{9A19103F-16F7-4668-BE54-9A1E7A4F7556}") = "SmartHealthCard.DecoderDemo", "SmartHealthCard.DecoderDemo\SmartHealthCard.DecoderDemo.csproj", "{8E228904-E80F-442B-B702-53E845D4B109}"
EndProject
Global
	GlobalSection(SolutionConfigurationPlatforms) = preSolution
		Debug|Any CPU = Debug|Any CPU
		Release|Any CPU = Release|Any CPU
	EndGlobalSection
	GlobalSection(ProjectConfigurationPlatforms) = postSolution
		{944C8903-096C-4B39-803D-5D2BEE96DB89}.Debug|Any CPU.ActiveCfg = Debug|Any CPU
		{944C8903-096C-4B39-803D-5D2BEE96DB89}.Debug|Any CPU.Build.0 = Debug|Any CPU
		{944C8903-096C-4B39-803D-5D2BEE96DB89}.Release|Any CPU.ActiveCfg = Release|Any CPU
		{944C8903-096C-4B39-803D-5D2BEE96DB89}.Release|Any CPU.Build.0 = Release|Any CPU
		{DDDEC610-81F3-4445-95BD-C90A5A7F7561}.Debug|Any CPU.ActiveCfg = Debug|Any CPU
		{DDDEC610-81F3-4445-95BD-C90A5A7F7561}.Debug|Any CPU.Build.0 = Debug|Any CPU
		{DDDEC610-81F3-4445-95BD-C90A5A7F7561}.Release|Any CPU.ActiveCfg = Release|Any CPU
		{DDDEC610-81F3-4445-95BD-C90A5A7F7561}.Release|Any CPU.Build.0 = Release|Any CPU
		{859CD40E-F27F-4550-A629-C48A3CE4F8DE}.Debug|Any CPU.ActiveCfg = Debug|Any CPU
		{859CD40E-F27F-4550-A629-C48A3CE4F8DE}.Debug|Any CPU.Build.0 = Debug|Any CPU
		{859CD40E-F27F-4550-A629-C48A3CE4F8DE}.Release|Any CPU.ActiveCfg = Release|Any CPU
		{859CD40E-F27F-4550-A629-C48A3CE4F8DE}.Release|Any CPU.Build.0 = Release|Any CPU
		{9207F04B-A1C8-47FE-8F7D-7D6C2780A159}.Debug|Any CPU.ActiveCfg = Debug|Any CPU
		{9207F04B-A1C8-47FE-8F7D-7D6C2780A159}.Debug|Any CPU.Build.0 = Debug|Any CPU
		{9207F04B-A1C8-47FE-8F7D-7D6C2780A159}.Release|Any CPU.ActiveCfg = Release|Any CPU
		{9207F04B-A1C8-47FE-8F7D-7D6C2780A159}.Release|Any CPU.Build.0 = Release|Any CPU
		{8E228904-E80F-442B-B702-53E845D4B109}.Debug|Any CPU.ActiveCfg = Debug|Any CPU
		{8E228904-E80F-442B-B702-53E845D4B109}.Debug|Any CPU.Build.0 = Debug|Any CPU
		{8E228904-E80F-442B-B702-53E845D4B109}.Release|Any CPU.ActiveCfg = Release|Any CPU
		{8E228904-E80F-442B-B702-53E845D4B109}.Release|Any CPU.Build.0 = Release|Any CPU
	EndGlobalSection
	GlobalSection(SolutionProperties) = preSolution
		HideSolutionNode = FALSE
	EndGlobalSection
	GlobalSection(ExtensibilityGlobals) = postSolution
		SolutionGuid = {90473B08-F58F-401D-A478-8B51CBCCD17F}
	EndGlobalSection
EndGlobal
